
Microsoft Visual Studio Solution File, Format Version 12.00
# Visual Studio 15
VisualStudioVersion = 15.0.28307.1169
MinimumVisualStudioVersion = 10.0.40219.1
Project("{FAE04EC0-301F-11D3-BF4B-00C04F79EFBC}") = "Student_Management", "Student_Management\Student_Management.csproj", "{C306180C-43F7-4ACC-A4E4-34BB08101541}"
EndProject
Project("{FAE04EC0-301F-11D3-BF4B-00C04F79EFBC}") = "EntityModel", "EntityModel\EntityModel.csproj", "{11E40C6E-1BC3-429B-9A5F-64DC997D45D3}"
EndProject
Project("{FAE04EC0-301F-11D3-BF4B-00C04F79EFBC}") = "DataModel", "DataModel\DataModel.csproj", "{CE252537-24F4-4E8D-8580-3FBCBC73B4BD}"
EndProject
Project("{FAE04EC0-301F-11D3-BF4B-00C04F79EFBC}") = "BusinessModel", "BusinessModel\BusinessModel.csproj", "{F3708672-33F0-4AC1-90F8-AEB3D1B39AF9}"
EndProject
Global
	GlobalSection(SolutionConfigurationPlatforms) = preSolution
		Debug|Any CPU = Debug|Any CPU
		Release|Any CPU = Release|Any CPU
	EndGlobalSection
	GlobalSection(ProjectConfigurationPlatforms) = postSolution
		{C306180C-43F7-4ACC-A4E4-34BB08101541}.Debug|Any CPU.ActiveCfg = Debug|Any CPU
		{C306180C-43F7-4ACC-A4E4-34BB08101541}.Debug|Any CPU.Build.0 = Debug|Any CPU
		{C306180C-43F7-4ACC-A4E4-34BB08101541}.Release|Any CPU.ActiveCfg = Release|Any CPU
		{C306180C-43F7-4ACC-A4E4-34BB08101541}.Release|Any CPU.Build.0 = Release|Any CPU
		{11E40C6E-1BC3-429B-9A5F-64DC997D45D3}.Debug|Any CPU.ActiveCfg = Debug|Any CPU
		{11E40C6E-1BC3-429B-9A5F-64DC997D45D3}.Debug|Any CPU.Build.0 = Debug|Any CPU
		{11E40C6E-1BC3-429B-9A5F-64DC997D45D3}.Release|Any CPU.ActiveCfg = Release|Any CPU
		{11E40C6E-1BC3-429B-9A5F-64DC997D45D3}.Release|Any CPU.Build.0 = Release|Any CPU
		{CE252537-24F4-4E8D-8580-3FBCBC73B4BD}.Debug|Any CPU.ActiveCfg = Debug|Any CPU
		{CE252537-24F4-4E8D-8580-3FBCBC73B4BD}.Debug|Any CPU.Build.0 = Debug|Any CPU
		{CE252537-24F4-4E8D-8580-3FBCBC73B4BD}.Release|Any CPU.ActiveCfg = Release|Any CPU
		{CE252537-24F4-4E8D-8580-3FBCBC73B4BD}.Release|Any CPU.Build.0 = Release|Any CPU
		{F3708672-33F0-4AC1-90F8-AEB3D1B39AF9}.Debug|Any CPU.ActiveCfg = Debug|Any CPU
		{F3708672-33F0-4AC1-90F8-AEB3D1B39AF9}.Debug|Any CPU.Build.0 = Debug|Any CPU
		{F3708672-33F0-4AC1-90F8-AEB3D1B39AF9}.Release|Any CPU.ActiveCfg = Release|Any CPU
		{F3708672-33F0-4AC1-90F8-AEB3D1B39AF9}.Release|Any CPU.Build.0 = Release|Any CPU
	EndGlobalSection
	GlobalSection(SolutionProperties) = preSolution
		HideSolutionNode = FALSE
	EndGlobalSection
	GlobalSection(ExtensibilityGlobals) = postSolution
		SolutionGuid = {D021C516-E9B7-4771-857E-5CE6370BC057}
	EndGlobalSection
EndGlobal
